
Microsoft Visual Studio Solution File, Format Version 12.00
Project("{FAE04EC0-301F-11D3-BF4B-00C04F79EFBC}") = "ObserverPattern", "ObserverPattern\ObserverPattern.csproj", "{D4808A8F-DB0E-42E1-9449-8C60EF042854}"
EndProject
Project("{FAE04EC0-301F-11D3-BF4B-00C04F79EFBC}") = "ObserverPatternDelegates", "ObserverPatternDelegates\ObserverPatternDelegates.csproj", "{27963FC4-F342-4926-8BDE-0DABEEEEC9BB}"
EndProject
Global
	GlobalSection(SolutionConfigurationPlatforms) = preSolution
		Debug|Any CPU = Debug|Any CPU
		Release|Any CPU = Release|Any CPU
	EndGlobalSection
	GlobalSection(ProjectConfigurationPlatforms) = postSolution
		{D4808A8F-DB0E-42E1-9449-8C60EF042854}.Debug|Any CPU.ActiveCfg = Debug|Any CPU
		{D4808A8F-DB0E-42E1-9449-8C60EF042854}.Debug|Any CPU.Build.0 = Debug|Any CPU
		{D4808A8F-DB0E-42E1-9449-8C60EF042854}.Release|Any CPU.ActiveCfg = Release|Any CPU
		{D4808A8F-DB0E-42E1-9449-8C60EF042854}.Release|Any CPU.Build.0 = Release|Any CPU
		{27963FC4-F342-4926-8BDE-0DABEEEEC9BB}.Debug|Any CPU.ActiveCfg = Debug|Any CPU
		{27963FC4-F342-4926-8BDE-0DABEEEEC9BB}.Debug|Any CPU.Build.0 = Debug|Any CPU
		{27963FC4-F342-4926-8BDE-0DABEEEEC9BB}.Release|Any CPU.ActiveCfg = Release|Any CPU
		{27963FC4-F342-4926-8BDE-0DABEEEEC9BB}.Release|Any CPU.Build.0 = Release|Any CPU
	EndGlobalSection
EndGlobal
